
Microsoft Visual Studio Solution File, Format Version 12.00
# Visual Studio Version 17
VisualStudioVersion = 17.9.34728.123
MinimumVisualStudioVersion = 10.0.40219.1
Project("{FAE04EC0-301F-11D3-BF4B-00C04F79EFBC}") = "BookPractice10", "BookPractice10\BookPractice10.csproj", "{633ED7F2-478F-4A85-B391-A6170F982DBA}"
EndProject
Global
	GlobalSection(SolutionConfigurationPlatforms) = preSolution
		Debug|Any CPU = Debug|Any CPU
		Release|Any CPU = Release|Any CPU
	EndGlobalSection
	GlobalSection(ProjectConfigurationPlatforms) = postSolution
		{633ED7F2-478F-4A85-B391-A6170F982DBA}.Debug|Any CPU.ActiveCfg = Debug|Any CPU
		{633ED7F2-478F-4A85-B391-A6170F982DBA}.Debug|Any CPU.Build.0 = Debug|Any CPU
		{633ED7F2-478F-4A85-B391-A6170F982DBA}.Release|Any CPU.ActiveCfg = Release|Any CPU
		{633ED7F2-478F-4A85-B391-A6170F982DBA}.Release|Any CPU.Build.0 = Release|Any CPU
	EndGlobalSection
	GlobalSection(SolutionProperties) = preSolution
		HideSolutionNode = FALSE
	EndGlobalSection
	GlobalSection(ExtensibilityGlobals) = postSolution
		SolutionGuid = {9EC8F3A4-ADA8-4312-B901-4EEBB6CB7B3C}
	EndGlobalSection
EndGlobal
