
Microsoft Visual Studio Solution File, Format Version 12.00
# Visual Studio Version 17
VisualStudioVersion = 17.9.34728.123
MinimumVisualStudioVersion = 10.0.40219.1
Project("{FAE04EC0-301F-11D3-BF4B-00C04F79EFBC}") = "PracticeBook5", "PracticeBook5\PracticeBook5.csproj", "{16A139B8-8BD9-4F92-BA7C-8BA02B267849}"
EndProject
Global
	GlobalSection(SolutionConfigurationPlatforms) = preSolution
		Debug|Any CPU = Debug|Any CPU
		Release|Any CPU = Release|Any CPU
	EndGlobalSection
	GlobalSection(ProjectConfigurationPlatforms) = postSolution
		{16A139B8-8BD9-4F92-BA7C-8BA02B267849}.Debug|Any CPU.ActiveCfg = Debug|Any CPU
		{16A139B8-8BD9-4F92-BA7C-8BA02B267849}.Debug|Any CPU.Build.0 = Debug|Any CPU
		{16A139B8-8BD9-4F92-BA7C-8BA02B267849}.Release|Any CPU.ActiveCfg = Release|Any CPU
		{16A139B8-8BD9-4F92-BA7C-8BA02B267849}.Release|Any CPU.Build.0 = Release|Any CPU
	EndGlobalSection
	GlobalSection(SolutionProperties) = preSolution
		HideSolutionNode = FALSE
	EndGlobalSection
	GlobalSection(ExtensibilityGlobals) = postSolution
		SolutionGuid = {1B50094B-FBB1-46B8-AF45-BCFB1180D3D3}
	EndGlobalSection
EndGlobal
